
Microsoft Visual Studio Solution File, Format Version 12.00
# Visual Studio Version 17
VisualStudioVersion = 17.0.31912.275
MinimumVisualStudioVersion = 10.0.40219.1
Project("{9A19103F-16F7-4668-BE54-9A1E7A4F7556}") = "AOC21.Client", "AOC21\Client\AOC21.Client.csproj", "{A6ADC5AC-CE6A-4CF5-9BBA-D2BA6A08859A}"
EndProject
Project("{9A19103F-16F7-4668-BE54-9A1E7A4F7556}") = "AOC21.Shared", "AOC21\Shared\AOC21.Shared.csproj", "{A4392C4D-E9E9-4938-9139-4A00BB42F6AA}"
EndProject
Project("{2150E333-8FDC-42A3-9474-1A3956D46DE8}") = "Input", "Input", "{1BF5367A-0679-435D-8650-01C587B89E15}"
	ProjectSection(SolutionItems) = preProject
		Day-Daniel.txt = Day-Daniel.txt
		Day1-Example-P2.txt = Day1-Example-P2.txt
		Day1-P1.txt = Day1-P1.txt
		Day2-Example-P2.txt = Day2-Example-P2.txt
		Day2-P1.txt = Day2-P1.txt
		Day3.txt = Day3.txt
		Day4-Example.txt = Day4-Example.txt
		Day4.txt = Day4.txt
		Day5.txt = Day5.txt
		Day6.txt = Day6.txt
		Day7.txt = Day7.txt
	EndProjectSection
EndProject
Project("{FAE04EC0-301F-11D3-BF4B-00C04F79EFBC}") = "Test", "Test\Test.csproj", "{C6002ED7-B890-419E-B16D-A3A0600FFC61}"
EndProject
Global
	GlobalSection(SolutionConfigurationPlatforms) = preSolution
		Debug|Any CPU = Debug|Any CPU
		Release|Any CPU = Release|Any CPU
	EndGlobalSection
	GlobalSection(ProjectConfigurationPlatforms) = postSolution
		{A6ADC5AC-CE6A-4CF5-9BBA-D2BA6A08859A}.Debug|Any CPU.ActiveCfg = Debug|Any CPU
		{A6ADC5AC-CE6A-4CF5-9BBA-D2BA6A08859A}.Debug|Any CPU.Build.0 = Debug|Any CPU
		{A6ADC5AC-CE6A-4CF5-9BBA-D2BA6A08859A}.Release|Any CPU.ActiveCfg = Release|Any CPU
		{A6ADC5AC-CE6A-4CF5-9BBA-D2BA6A08859A}.Release|Any CPU.Build.0 = Release|Any CPU
		{A4392C4D-E9E9-4938-9139-4A00BB42F6AA}.Debug|Any CPU.ActiveCfg = Debug|Any CPU
		{A4392C4D-E9E9-4938-9139-4A00BB42F6AA}.Debug|Any CPU.Build.0 = Debug|Any CPU
		{A4392C4D-E9E9-4938-9139-4A00BB42F6AA}.Release|Any CPU.ActiveCfg = Release|Any CPU
		{A4392C4D-E9E9-4938-9139-4A00BB42F6AA}.Release|Any CPU.Build.0 = Release|Any CPU
		{C6002ED7-B890-419E-B16D-A3A0600FFC61}.Debug|Any CPU.ActiveCfg = Debug|Any CPU
		{C6002ED7-B890-419E-B16D-A3A0600FFC61}.Debug|Any CPU.Build.0 = Debug|Any CPU
		{C6002ED7-B890-419E-B16D-A3A0600FFC61}.Release|Any CPU.ActiveCfg = Release|Any CPU
		{C6002ED7-B890-419E-B16D-A3A0600FFC61}.Release|Any CPU.Build.0 = Release|Any CPU
	EndGlobalSection
	GlobalSection(SolutionProperties) = preSolution
		HideSolutionNode = FALSE
	EndGlobalSection
	GlobalSection(ExtensibilityGlobals) = postSolution
		SolutionGuid = {E4AADAA9-17F2-4468-B5FD-C668FCA1F04B}
	EndGlobalSection
EndGlobal
